<?xml version="1.0" encoding="utf-8"?>
<Project ToolsVersion="4.0" xmlns="http://schemas.microsoft.com/developer/msbuild/2003">
  <ItemGroup>
    <ClCompile Include="main.cpp">
      <Filter>源文件</Filter>
    </ClCompile>
    <ClCompile Include="..\include\glad\src\glad.c">
      <Filter>源文件</Filter>
    </ClCompile>
  </ItemGroup>
  <ItemGroup>
    <ClInclude Include="..\include\Camera.h">
      <Filter>头文件</Filter>
    </ClInclude>
    <ClInclude Include="..\include\filesystem.h">
      <Filter>头文件</Filter>
    </ClInclude>
    <ClInclude Include="..\include\Mesh.h">
      <Filter>头文件</Filter>
    </ClInclude>
    <ClInclude Include="..\include\Model.h">
      <Filter>头文件</Filter>
    </ClInclude>
    <ClInclude Include="..\include\ModelsRender.h">
      <Filter>头文件</Filter>
    </ClInclude>
    <ClInclude Include="..\include\myShader.h">
      <Filter>头文件</Filter>
    </ClInclude>
    <ClInclude Include="..\include\stb_image.h">
      <Filter>头文件</Filter>
    </ClInclude>
    <ClInclude Include="..\include\Ray.h">
      <Filter>头文件</Filter>
    </ClInclude>
    <ClInclude Include="..\include\Terrain.h">
      <Filter>头文件</Filter>
    </ClInclude>
    <ClInclude Include="..\include\GetSelectFilePath.h">
      <Filter>头文件</Filter>
    </ClInclude>
    <ClInclude Include="..\include\jpegfunc.h">
      <Filter>头文件</Filter>
    </ClInclude>
  </ItemGroup>
  <ItemGroup>
    <Filter Include="源文件">
      <UniqueIdentifier>{c2b6518c-8061-49df-a1e8-9ea73e140e25}</UniqueIdentifier>
    </Filter>
    <Filter Include="头文件">
      <UniqueIdentifier>{c4317166-107c-42f9-83a7-33be56091a75}</UniqueIdentifier>
    </Filter>
  </ItemGroup>
</Project>